// !$*UTF8*$!
{
	archiveVersion = 1;
	classes = {
	};
	objectVersion = 77;
	objects = {

/* Begin PBXBuildFile section */
		EEEEFA012F14F6A7000397C6 /* Event.swift in Sources */ = {isa = PBXBuildFile; fileRef = EEEEF2972F14F55B000397C6 /* Event.swift */; };
		EEEEFA022F14F6A7000397C6 /* EventStore.swift in Sources */ = {isa = PBXBuildFile; fileRef = EEEEF2982F14F55B000397C6 /* EventStore.swift */; };
		EEEEFA032F14F6A7000397C6 /* Todo/EventCardView.swift in Sources */ = {isa = PBXBuildFile; fileRef = EEEEF29A2F14F55B000397C6 /* Todo/EventCardView.swift */; };
		EEEEFA042F14F6A7000397C6 /* ContentView.swift in Sources */ = {isa = PBXBuildFile; fileRef = EEEEF29C2F14F55B000397C6 /* ContentView.swift */; };
		EEEEFA052F14F6A7000397C6 /* DoneApp.swift in Sources */ = {isa = PBXBuildFile; fileRef = EEEEF29D2F14F55B000397C6 /* DoneApp.swift */; };
		EEEEFA072F14F9A0000397C6 /* Todo/EventGrid/EventGridView.swift in Sources */ = {isa = PBXBuildFile; fileRef = EEEEFA082F14F9A0000397C6 /* Todo/EventGrid/EventGridView.swift */; };
		EEEEFA2B2F16C90000397C6 /* Todo/EventFormView.swift in Sources */ = {isa = PBXBuildFile; fileRef = EEEEFA2A2F16C90000397C6 /* Todo/EventFormView.swift */; };
		EEEEFA4B2F17010000397C6 /* Todo/TemplateEditorView.swift in Sources */ = {isa = PBXBuildFile; fileRef = EEEEFA4A2F17010000397C6 /* Todo/TemplateEditorView.swift */; };
		EEEEFA4C2F17020000397C6 /* Todo/EventGrid/EventGridTypes.swift in Sources */ = {isa = PBXBuildFile; fileRef = EEEEFA4D2F17020000397C6 /* Todo/EventGrid/EventGridTypes.swift */; };
		EEEEFA4E2F17020000397C6 /* Todo/EventGrid/EventGridInteractions.swift in Sources */ = {isa = PBXBuildFile; fileRef = EEEEFA4F2F17020000397C6 /* Todo/EventGrid/EventGridInteractions.swift */; };
		EEEEFA502F17020000397C6 /* Todo/EventGrid/UIKitDragGestureView.swift in Sources */ = {isa = PBXBuildFile; fileRef = EEEEFA512F17020000397C6 /* Todo/EventGrid/UIKitDragGestureView.swift */; };
		EEEEFA522F17020000397C6 /* Todo/EventGrid/GridDotsView.swift in Sources */ = {isa = PBXBuildFile; fileRef = EEEEFA532F17020000397C6 /* Todo/EventGrid/GridDotsView.swift */; };
		EEEEFA542F17020000397C6 /* Todo/EventGrid/ShakeEffect.swift in Sources */ = {isa = PBXBuildFile; fileRef = EEEEFA552F17020000397C6 /* Todo/EventGrid/ShakeEffect.swift */; };
		EEEEFA562F17020000397C6 /* Todo/EventGrid/EventGridSheets.swift in Sources */ = {isa = PBXBuildFile; fileRef = EEEEFA572F17020000397C6 /* Todo/EventGrid/EventGridSheets.swift */; };
		EEEEFA582F17030000397C6 /* Todo/EventGrid/EventGridContentView.swift in Sources */ = {isa = PBXBuildFile; fileRef = EEEEFA592F17030000397C6 /* Todo/EventGrid/EventGridContentView.swift */; };
		EEEEFA0B2F150000000397C6 /* EventGridLayout.swift in Sources */ = {isa = PBXBuildFile; fileRef = EEEEFA0A2F150000000397C6 /* EventGridLayout.swift */; };
		EEEEFA2D2F16D10000397C6 /* EventTypeTemplateStore.swift in Sources */ = {isa = PBXBuildFile; fileRef = EEEEFA2C2F16D10000397C6 /* EventTypeTemplateStore.swift */; };
		EEEEFA1A2F16A001000397C6 /* Calendar/CalendarView.swift in Sources */ = {isa = PBXBuildFile; fileRef = EEEEFA1B2F16A001000397C6 /* Calendar/CalendarView.swift */; };
		EEEEFA1D2F16A101000397C6 /* Calendar/AddToCalendarView.swift in Sources */ = {isa = PBXBuildFile; fileRef = EEEEFA1C2F16A101000397C6 /* Calendar/AddToCalendarView.swift */; };
		EEEEFA242F16B200000397C6 /* Calendar/CalendarPageView.swift in Sources */ = {isa = PBXBuildFile; fileRef = EEEEFA1E2F16B200000397C6 /* Calendar/CalendarPageView.swift */; };
		EEEEFA252F16B200000397C6 /* Calendar/CalendarLayout.swift in Sources */ = {isa = PBXBuildFile; fileRef = EEEEFA1F2F16B200000397C6 /* Calendar/CalendarLayout.swift */; };
		EEEEFA262F16B200000397C6 /* Calendar/Components/GlassCardView.swift in Sources */ = {isa = PBXBuildFile; fileRef = EEEEFA202F16B200000397C6 /* Calendar/Components/GlassCardView.swift */; };
		EEEEFA272F16B200000397C6 /* Calendar/Components/TimelineView.swift in Sources */ = {isa = PBXBuildFile; fileRef = EEEEFA212F16B200000397C6 /* Calendar/Components/TimelineView.swift */; };
		EEEEFA282F16B200000397C6 /* Calendar/Components/TimelineDayView.swift in Sources */ = {isa = PBXBuildFile; fileRef = EEEEFA222F16B200000397C6 /* Calendar/Components/TimelineDayView.swift */; };
		EEEEFA292F16B200000397C6 /* Calendar/Components/EventBlockPreview.swift in Sources */ = {isa = PBXBuildFile; fileRef = EEEEFA232F16B200000397C6 /* Calendar/Components/EventBlockPreview.swift */; };
		EEEEFA2A2F16B200000397C6 /* Calendar/Components/CalendarHeaderView.swift in Sources */ = {isa = PBXBuildFile; fileRef = EEEEFA2C2F16B200000397C6 /* Calendar/Components/CalendarHeaderView.swift */; };
		EEEEFA2B2F16B200000397C6 /* Calendar/Components/TimelineMaskView.swift in Sources */ = {isa = PBXBuildFile; fileRef = EEEEFA2D2F16B200000397C6 /* Calendar/Components/TimelineMaskView.swift */; };
		EEEEFA332F16B200000397C6 /* Calendar/Components/TimelineEditView.swift in Sources */ = {isa = PBXBuildFile; fileRef = EEEEFA322F16B200000397C6 /* Calendar/Components/TimelineEditView.swift */; };
		EEEEFA302F16B200000397C6 /* Calendar/Components/TimelinePreviewView.swift in Sources */ = {isa = PBXBuildFile; fileRef = EEEEFA312F16B200000397C6 /* Calendar/Components/TimelinePreviewView.swift */; };
		EEEEFA2E2F16B200000397C6 /* Assets.xcassets in Resources */ = {isa = PBXBuildFile; fileRef = EEEEFA2F2F16B200000397C6 /* Assets.xcassets */; };
		EEEEFA352F16B200000397C6 /* Calendar/Components/EventBlockEdit.swift in Sources */ = {isa = PBXBuildFile; fileRef = EEEEFA342F16B200000397C6 /* Calendar/Components/EventBlockEdit.swift */; };
		EEEEFA382F16B200000397C6 /* Calendar/Components/TimelineMultiDayView.swift in Sources */ = {isa = PBXBuildFile; fileRef = EEEEFA392F16B200000397C6 /* Calendar/Components/TimelineMultiDayView.swift */; };
		EEEEFA362F16B200000397C6 /* Calendar/Components/TimelineContainerView.swift in Sources */ = {isa = PBXBuildFile; fileRef = EEEEFA372F16B200000397C6 /* Calendar/Components/TimelineContainerView.swift */; };
/* End PBXBuildFile section */

/* Begin PBXCopyFilesBuildPhase section */
		71E5340A2EE9CE43004869EA /* Embed Watch Content */ = {
			isa = PBXCopyFilesBuildPhase;
			buildActionMask = 2147483647;
			dstPath = "$(CONTENTS_FOLDER_PATH)/Watch";
			dstSubfolderSpec = 16;
			files = (
			);
			name = "Embed Watch Content";
			runOnlyForDeploymentPostprocessing = 0;
		};
/* End PBXCopyFilesBuildPhase section */

/* Begin PBXFileReference section */
		71E533C12EE9CE40004869EA /* Done.app */ = {isa = PBXFileReference; explicitFileType = wrapper.application; includeInIndex = 0; path = Done.app; sourceTree = BUILT_PRODUCTS_DIR; };
		EEEEF2972F14F55B000397C6 /* Event.swift */ = {isa = PBXFileReference; lastKnownFileType = sourcecode.swift; path = Event.swift; sourceTree = "<group>"; };
		EEEEF2982F14F55B000397C6 /* EventStore.swift */ = {isa = PBXFileReference; lastKnownFileType = sourcecode.swift; path = EventStore.swift; sourceTree = "<group>"; };
		EEEEF29A2F14F55B000397C6 /* Todo/EventCardView.swift */ = {isa = PBXFileReference; lastKnownFileType = sourcecode.swift; path = Todo/EventCardView.swift; sourceTree = "<group>"; };
		EEEEF29C2F14F55B000397C6 /* ContentView.swift */ = {isa = PBXFileReference; lastKnownFileType = sourcecode.swift; path = ContentView.swift; sourceTree = "<group>"; };
		EEEEF29D2F14F55B000397C6 /* DoneApp.swift */ = {isa = PBXFileReference; lastKnownFileType = sourcecode.swift; path = DoneApp.swift; sourceTree = "<group>"; };
		EEEEFA082F14F9A0000397C6 /* Todo/EventGrid/EventGridView.swift */ = {isa = PBXFileReference; lastKnownFileType = sourcecode.swift; path = Todo/EventGrid/EventGridView.swift; sourceTree = "<group>"; };
		EEEEFA2A2F16C90000397C6 /* Todo/EventFormView.swift */ = {isa = PBXFileReference; lastKnownFileType = sourcecode.swift; path = Todo/EventFormView.swift; sourceTree = "<group>"; };
		EEEEFA4A2F17010000397C6 /* Todo/TemplateEditorView.swift */ = {isa = PBXFileReference; lastKnownFileType = sourcecode.swift; path = Todo/TemplateEditorView.swift; sourceTree = "<group>"; };
		EEEEFA4D2F17020000397C6 /* Todo/EventGrid/EventGridTypes.swift */ = {isa = PBXFileReference; lastKnownFileType = sourcecode.swift; path = Todo/EventGrid/EventGridTypes.swift; sourceTree = "<group>"; };
		EEEEFA4F2F17020000397C6 /* Todo/EventGrid/EventGridInteractions.swift */ = {isa = PBXFileReference; lastKnownFileType = sourcecode.swift; path = Todo/EventGrid/EventGridInteractions.swift; sourceTree = "<group>"; };
		EEEEFA512F17020000397C6 /* Todo/EventGrid/UIKitDragGestureView.swift */ = {isa = PBXFileReference; lastKnownFileType = sourcecode.swift; path = Todo/EventGrid/UIKitDragGestureView.swift; sourceTree = "<group>"; };
		EEEEFA532F17020000397C6 /* Todo/EventGrid/GridDotsView.swift */ = {isa = PBXFileReference; lastKnownFileType = sourcecode.swift; path = Todo/EventGrid/GridDotsView.swift; sourceTree = "<group>"; };
		EEEEFA552F17020000397C6 /* Todo/EventGrid/ShakeEffect.swift */ = {isa = PBXFileReference; lastKnownFileType = sourcecode.swift; path = Todo/EventGrid/ShakeEffect.swift; sourceTree = "<group>"; };
		EEEEFA572F17020000397C6 /* Todo/EventGrid/EventGridSheets.swift */ = {isa = PBXFileReference; lastKnownFileType = sourcecode.swift; path = Todo/EventGrid/EventGridSheets.swift; sourceTree = "<group>"; };
		EEEEFA592F17030000397C6 /* Todo/EventGrid/EventGridContentView.swift */ = {isa = PBXFileReference; lastKnownFileType = sourcecode.swift; path = Todo/EventGrid/EventGridContentView.swift; sourceTree = "<group>"; };
		EEEEFA0A2F150000000397C6 /* EventGridLayout.swift */ = {isa = PBXFileReference; lastKnownFileType = sourcecode.swift; path = EventGridLayout.swift; sourceTree = "<group>"; };
		EEEEFA2C2F16D10000397C6 /* EventTypeTemplateStore.swift */ = {isa = PBXFileReference; lastKnownFileType = sourcecode.swift; path = EventTypeTemplateStore.swift; sourceTree = "<group>"; };
		EEEEFA1B2F16A001000397C6 /* Calendar/CalendarView.swift */ = {isa = PBXFileReference; lastKnownFileType = sourcecode.swift; path = Calendar/CalendarView.swift; sourceTree = "<group>"; };
		EEEEFA1C2F16A101000397C6 /* Calendar/AddToCalendarView.swift */ = {isa = PBXFileReference; lastKnownFileType = sourcecode.swift; path = Calendar/AddToCalendarView.swift; sourceTree = "<group>"; };
		EEEEFA1E2F16B200000397C6 /* Calendar/CalendarPageView.swift */ = {isa = PBXFileReference; lastKnownFileType = sourcecode.swift; path = Calendar/CalendarPageView.swift; sourceTree = "<group>"; };
		EEEEFA1F2F16B200000397C6 /* Calendar/CalendarLayout.swift */ = {isa = PBXFileReference; lastKnownFileType = sourcecode.swift; path = Calendar/CalendarLayout.swift; sourceTree = "<group>"; };
		EEEEFA2F2F16B200000397C6 /* Assets.xcassets */ = {isa = PBXFileReference; lastKnownFileType = folder.assetcatalog; path = Assets.xcassets; sourceTree = "<group>"; };
		EEEEFA202F16B200000397C6 /* Calendar/Components/GlassCardView.swift */ = {isa = PBXFileReference; lastKnownFileType = sourcecode.swift; path = Calendar/Components/GlassCardView.swift; sourceTree = "<group>"; };
		EEEEFA212F16B200000397C6 /* Calendar/Components/TimelineView.swift */ = {isa = PBXFileReference; lastKnownFileType = sourcecode.swift; path = Calendar/Components/TimelineView.swift; sourceTree = "<group>"; };
		EEEEFA222F16B200000397C6 /* Calendar/Components/TimelineDayView.swift */ = {isa = PBXFileReference; lastKnownFileType = sourcecode.swift; path = Calendar/Components/TimelineDayView.swift; sourceTree = "<group>"; };
		EEEEFA232F16B200000397C6 /* Calendar/Components/EventBlockPreview.swift */ = {isa = PBXFileReference; lastKnownFileType = sourcecode.swift; path = Calendar/Components/EventBlockPreview.swift; sourceTree = "<group>"; };
		EEEEFA342F16B200000397C6 /* Calendar/Components/EventBlockEdit.swift */ = {isa = PBXFileReference; lastKnownFileType = sourcecode.swift; path = Calendar/Components/EventBlockEdit.swift; sourceTree = "<group>"; };
		EEEEFA2C2F16B200000397C6 /* Calendar/Components/CalendarHeaderView.swift */ = {isa = PBXFileReference; lastKnownFileType = sourcecode.swift; path = Calendar/Components/CalendarHeaderView.swift; sourceTree = "<group>"; };
		EEEEFA2D2F16B200000397C6 /* Calendar/Components/TimelineMaskView.swift */ = {isa = PBXFileReference; lastKnownFileType = sourcecode.swift; path = Calendar/Components/TimelineMaskView.swift; sourceTree = "<group>"; };
		EEEEFA322F16B200000397C6 /* Calendar/Components/TimelineEditView.swift */ = {isa = PBXFileReference; lastKnownFileType = sourcecode.swift; path = Calendar/Components/TimelineEditView.swift; sourceTree = "<group>"; };
		EEEEFA312F16B200000397C6 /* Calendar/Components/TimelinePreviewView.swift */ = {isa = PBXFileReference; lastKnownFileType = sourcecode.swift; path = Calendar/Components/TimelinePreviewView.swift; sourceTree = "<group>"; };
		EEEEFA372F16B200000397C6 /* Calendar/Components/TimelineContainerView.swift */ = {isa = PBXFileReference; lastKnownFileType = sourcecode.swift; path = Calendar/Components/TimelineContainerView.swift; sourceTree = "<group>"; };
		EEEEFA392F16B200000397C6 /* Calendar/Components/TimelineMultiDayView.swift */ = {isa = PBXFileReference; lastKnownFileType = sourcecode.swift; path = Calendar/Components/TimelineMultiDayView.swift; sourceTree = "<group>"; };
/* End PBXFileReference section */

/* Begin PBXFrameworksBuildPhase section */
		71E533BE2EE9CE40004869EA /* Frameworks */ = {
			isa = PBXFrameworksBuildPhase;
			buildActionMask = 2147483647;
			files = (
			);
			runOnlyForDeploymentPostprocessing = 0;
		};
/* End PBXFrameworksBuildPhase section */

/* Begin PBXGroup section */
		71E533B82EE9CE3F004869EA = {
			isa = PBXGroup;
			children = (
				EEEEF29E2F14F55B000397C6 /* Done */,
				71E533C22EE9CE40004869EA /* Products */,
			);
			sourceTree = "<group>";
		};
		71E533C22EE9CE40004869EA /* Products */ = {
			isa = PBXGroup;
			children = (
				71E533C12EE9CE40004869EA /* Done.app */,
			);
			name = Products;
			sourceTree = "<group>";
		};
		EEEEF2992F14F55B000397C6 /* Models */ = {
			isa = PBXGroup;
			children = (
				EEEEF2972F14F55B000397C6 /* Event.swift */,
				EEEEF2982F14F55B000397C6 /* EventStore.swift */,
				EEEEFA0A2F150000000397C6 /* EventGridLayout.swift */,
				EEEEFA2C2F16D10000397C6 /* EventTypeTemplateStore.swift */,
			);
			path = Models;
			sourceTree = "<group>";
		};
		EEEEF29B2F14F55B000397C6 /* Views */ = {
			isa = PBXGroup;
			children = (
				EEEEF29A2F14F55B000397C6 /* Todo/EventCardView.swift */,
				EEEEFA082F14F9A0000397C6 /* Todo/EventGrid/EventGridView.swift */,
				EEEEFA4D2F17020000397C6 /* Todo/EventGrid/EventGridTypes.swift */,
				EEEEFA4F2F17020000397C6 /* Todo/EventGrid/EventGridInteractions.swift */,
				EEEEFA512F17020000397C6 /* Todo/EventGrid/UIKitDragGestureView.swift */,
				EEEEFA532F17020000397C6 /* Todo/EventGrid/GridDotsView.swift */,
				EEEEFA552F17020000397C6 /* Todo/EventGrid/ShakeEffect.swift */,
				EEEEFA572F17020000397C6 /* Todo/EventGrid/EventGridSheets.swift */,
				EEEEFA592F17030000397C6 /* Todo/EventGrid/EventGridContentView.swift */,
				EEEEFA2A2F16C90000397C6 /* Todo/EventFormView.swift */,
				EEEEFA4A2F17010000397C6 /* Todo/TemplateEditorView.swift */,
				EEEEFA1B2F16A001000397C6 /* Calendar/CalendarView.swift */,
				EEEEFA1C2F16A101000397C6 /* Calendar/AddToCalendarView.swift */,
				EEEEFA1E2F16B200000397C6 /* Calendar/CalendarPageView.swift */,
				EEEEFA1F2F16B200000397C6 /* Calendar/CalendarLayout.swift */,
				EEEEFA202F16B200000397C6 /* Calendar/Components/GlassCardView.swift */,
				EEEEFA212F16B200000397C6 /* Calendar/Components/TimelineView.swift */,
				EEEEFA222F16B200000397C6 /* Calendar/Components/TimelineDayView.swift */,
				EEEEFA232F16B200000397C6 /* Calendar/Components/EventBlockPreview.swift */,
				EEEEFA342F16B200000397C6 /* Calendar/Components/EventBlockEdit.swift */,
				EEEEFA2C2F16B200000397C6 /* Calendar/Components/CalendarHeaderView.swift */,
				EEEEFA2D2F16B200000397C6 /* Calendar/Components/TimelineMaskView.swift */,
				EEEEFA322F16B200000397C6 /* Calendar/Components/TimelineEditView.swift */,
				EEEEFA312F16B200000397C6 /* Calendar/Components/TimelinePreviewView.swift */,
				EEEEFA372F16B200000397C6 /* Calendar/Components/TimelineContainerView.swift */,
				EEEEFA392F16B200000397C6 /* Calendar/Components/TimelineMultiDayView.swift */,
			);
			path = Views;
			sourceTree = "<group>";
		};
		EEEEF29E2F14F55B000397C6 /* Done */ = {
			isa = PBXGroup;
			children = (
				EEEEF2992F14F55B000397C6 /* Models */,
				EEEEF29B2F14F55B000397C6 /* Views */,
				EEEEF29C2F14F55B000397C6 /* ContentView.swift */,
				EEEEF29D2F14F55B000397C6 /* DoneApp.swift */,
				EEEEFA2F2F16B200000397C6 /* Assets.xcassets */,
			);
			path = Done;
			sourceTree = "<group>";
		};
/* End PBXGroup section */

/* Begin PBXNativeTarget section */
		71E533C02EE9CE40004869EA /* Done */ = {
			isa = PBXNativeTarget;
			buildConfigurationList = 71E5340B2EE9CE43004869EA /* Build configuration list for PBXNativeTarget "Done" */;
			buildPhases = (
				71E533BD2EE9CE40004869EA /* Sources */,
				71E533BE2EE9CE40004869EA /* Frameworks */,
				71E533BF2EE9CE40004869EA /* Resources */,
				71E5340A2EE9CE43004869EA /* Embed Watch Content */,
			);
			buildRules = (
			);
			dependencies = (
			);
			name = Done;
			packageProductDependencies = (
			);
			productName = Done;
			productReference = 71E533C12EE9CE40004869EA /* Done.app */;
			productType = "com.apple.product-type.application";
		};
/* End PBXNativeTarget section */

/* Begin PBXProject section */
		71E533B92EE9CE3F004869EA /* Project object */ = {
			isa = PBXProject;
			attributes = {
				BuildIndependentTargetsInParallel = 1;
				LastSwiftUpdateCheck = 2600;
				LastUpgradeCheck = 2610;
				TargetAttributes = {
					71E533C02EE9CE40004869EA = {
						CreatedOnToolsVersion = 26.0.1;
					};
				};
			};
			buildConfigurationList = 71E533BC2EE9CE3F004869EA /* Build configuration list for PBXProject "Done" */;
			developmentRegion = en;
			hasScannedForEncodings = 0;
			knownRegions = (
				en,
				Base,
			);
			mainGroup = 71E533B82EE9CE3F004869EA;
			minimizedProjectReferenceProxies = 1;
			preferredProjectObjectVersion = 77;
			productRefGroup = 71E533C22EE9CE40004869EA /* Products */;
			projectDirPath = "";
			projectRoot = "";
			targets = (
				71E533C02EE9CE40004869EA /* Done */,
			);
		};
/* End PBXProject section */

/* Begin PBXResourcesBuildPhase section */
		71E533BF2EE9CE40004869EA /* Resources */ = {
			isa = PBXResourcesBuildPhase;
			buildActionMask = 2147483647;
			files = (
				EEEEFA2E2F16B200000397C6 /* Assets.xcassets in Resources */,
			);
			runOnlyForDeploymentPostprocessing = 0;
		};
/* End PBXResourcesBuildPhase section */

/* Begin PBXSourcesBuildPhase section */
		71E533BD2EE9CE40004869EA /* Sources */ = {
			isa = PBXSourcesBuildPhase;
			buildActionMask = 2147483647;
			files = (
				EEEEFA012F14F6A7000397C6 /* Event.swift in Sources */,
				EEEEFA022F14F6A7000397C6 /* EventStore.swift in Sources */,
				EEEEFA032F14F6A7000397C6 /* Todo/EventCardView.swift in Sources */,
				EEEEFA042F14F6A7000397C6 /* ContentView.swift in Sources */,
				EEEEFA052F14F6A7000397C6 /* DoneApp.swift in Sources */,
				EEEEFA072F14F9A0000397C6 /* Todo/EventGrid/EventGridView.swift in Sources */,
				EEEEFA2B2F16C90000397C6 /* Todo/EventFormView.swift in Sources */,
				EEEEFA4B2F17010000397C6 /* Todo/TemplateEditorView.swift in Sources */,
				EEEEFA4C2F17020000397C6 /* Todo/EventGrid/EventGridTypes.swift in Sources */,
				EEEEFA4E2F17020000397C6 /* Todo/EventGrid/EventGridInteractions.swift in Sources */,
				EEEEFA502F17020000397C6 /* Todo/EventGrid/UIKitDragGestureView.swift in Sources */,
				EEEEFA522F17020000397C6 /* Todo/EventGrid/GridDotsView.swift in Sources */,
				EEEEFA542F17020000397C6 /* Todo/EventGrid/ShakeEffect.swift in Sources */,
				EEEEFA562F17020000397C6 /* Todo/EventGrid/EventGridSheets.swift in Sources */,
				EEEEFA582F17030000397C6 /* Todo/EventGrid/EventGridContentView.swift in Sources */,
				EEEEFA0B2F150000000397C6 /* EventGridLayout.swift in Sources */,
				EEEEFA2D2F16D10000397C6 /* EventTypeTemplateStore.swift in Sources */,
				EEEEFA1A2F16A001000397C6 /* Calendar/CalendarView.swift in Sources */,
				EEEEFA1D2F16A101000397C6 /* Calendar/AddToCalendarView.swift in Sources */,
				EEEEFA242F16B200000397C6 /* Calendar/CalendarPageView.swift in Sources */,
				EEEEFA252F16B200000397C6 /* Calendar/CalendarLayout.swift in Sources */,
				EEEEFA262F16B200000397C6 /* Calendar/Components/GlassCardView.swift in Sources */,
				EEEEFA272F16B200000397C6 /* Calendar/Components/TimelineView.swift in Sources */,
				EEEEFA282F16B200000397C6 /* Calendar/Components/TimelineDayView.swift in Sources */,
				EEEEFA292F16B200000397C6 /* Calendar/Components/EventBlockPreview.swift in Sources */,
				EEEEFA352F16B200000397C6 /* Calendar/Components/EventBlockEdit.swift in Sources */,
				EEEEFA2A2F16B200000397C6 /* Calendar/Components/CalendarHeaderView.swift in Sources */,
				EEEEFA2B2F16B200000397C6 /* Calendar/Components/TimelineMaskView.swift in Sources */,
				EEEEFA362F16B200000397C6 /* Calendar/Components/TimelineContainerView.swift in Sources */,
				EEEEFA332F16B200000397C6 /* Calendar/Components/TimelineEditView.swift in Sources */,
				EEEEFA302F16B200000397C6 /* Calendar/Components/TimelinePreviewView.swift in Sources */,
				EEEEFA382F16B200000397C6 /* Calendar/Components/TimelineMultiDayView.swift in Sources */,
			);
			runOnlyForDeploymentPostprocessing = 0;
		};
/* End PBXSourcesBuildPhase section */

/* Begin XCBuildConfiguration section */
		71E534052EE9CE43004869EA /* Debug */ = {
			isa = XCBuildConfiguration;
			buildSettings = {
				ALWAYS_SEARCH_USER_PATHS = NO;
				ASSETCATALOG_COMPILER_GENERATE_SWIFT_ASSET_SYMBOL_EXTENSIONS = YES;
				CLANG_ANALYZER_NONNULL = YES;
				CLANG_ANALYZER_NUMBER_OBJECT_CONVERSION = YES_AGGRESSIVE;
				CLANG_CXX_LANGUAGE_STANDARD = "gnu++20";
				CLANG_ENABLE_MODULES = YES;
				CLANG_ENABLE_OBJC_ARC = YES;
				CLANG_ENABLE_OBJC_WEAK = YES;
				CLANG_WARN_BLOCK_CAPTURE_AUTORELEASING = YES;
				CLANG_WARN_BOOL_CONVERSION = YES;
				CLANG_WARN_COMMA = YES;
				CLANG_WARN_CONSTANT_CONVERSION = YES;
				CLANG_WARN_DEPRECATED_OBJC_IMPLEMENTATIONS = YES;
				CLANG_WARN_DIRECT_OBJC_ISA_USAGE = YES_ERROR;
				CLANG_WARN_DOCUMENTATION_COMMENTS = YES;
				CLANG_WARN_EMPTY_BODY = YES;
				CLANG_WARN_ENUM_CONVERSION = YES;
				CLANG_WARN_INFINITE_RECURSION = YES;
				CLANG_WARN_INT_CONVERSION = YES;
				CLANG_WARN_NON_LITERAL_NULL_CONVERSION = YES;
				CLANG_WARN_OBJC_IMPLICIT_RETAIN_SELF = YES;
				CLANG_WARN_OBJC_LITERAL_CONVERSION = YES;
				CLANG_WARN_OBJC_ROOT_CLASS = YES_ERROR;
				CLANG_WARN_QUOTED_INCLUDE_IN_FRAMEWORK_HEADER = YES;
				CLANG_WARN_RANGE_LOOP_ANALYSIS = YES;
				CLANG_WARN_STRICT_PROTOTYPES = YES;
				CLANG_WARN_SUSPICIOUS_MOVE = YES;
				CLANG_WARN_UNGUARDED_AVAILABILITY = YES_AGGRESSIVE;
				CLANG_WARN_UNREACHABLE_CODE = YES;
				CLANG_WARN__DUPLICATE_METHOD_MATCH = YES;
				COPY_PHASE_STRIP = NO;
				DEAD_CODE_STRIPPING = YES;
				DEBUG_INFORMATION_FORMAT = dwarf;
				ENABLE_STRICT_OBJC_MSGSEND = YES;
				ENABLE_TESTABILITY = YES;
				ENABLE_USER_SCRIPT_SANDBOXING = YES;
				GCC_C_LANGUAGE_STANDARD = gnu17;
				GCC_DYNAMIC_NO_PIC = NO;
				GCC_NO_COMMON_BLOCKS = YES;
				GCC_OPTIMIZATION_LEVEL = 0;
				GCC_PREPROCESSOR_DEFINITIONS = (
					"DEBUG=1",
					"$(inherited)",
				);
				GCC_WARN_64_TO_32_BIT_CONVERSION = YES;
				GCC_WARN_ABOUT_RETURN_TYPE = YES_ERROR;
				GCC_WARN_UNDECLARED_SELECTOR = YES;
				GCC_WARN_UNINITIALIZED_AUTOS = YES_AGGRESSIVE;
				GCC_WARN_UNUSED_FUNCTION = YES;
				GCC_WARN_UNUSED_VARIABLE = YES;
				LOCALIZATION_PREFERS_STRING_CATALOGS = YES;
				MTL_ENABLE_DEBUG_INFO = INCLUDE_SOURCE;
				MTL_FAST_MATH = YES;
				ONLY_ACTIVE_ARCH = YES;
				STRING_CATALOG_GENERATE_SYMBOLS = YES;
				SWIFT_ACTIVE_COMPILATION_CONDITIONS = "DEBUG $(inherited)";
				SWIFT_OPTIMIZATION_LEVEL = "-Onone";
			};
			name = Debug;
		};
		71E534062EE9CE43004869EA /* Release */ = {
			isa = XCBuildConfiguration;
			buildSettings = {
				ALWAYS_SEARCH_USER_PATHS = NO;
				ASSETCATALOG_COMPILER_GENERATE_SWIFT_ASSET_SYMBOL_EXTENSIONS = YES;
				CLANG_ANALYZER_NONNULL = YES;
				CLANG_ANALYZER_NUMBER_OBJECT_CONVERSION = YES_AGGRESSIVE;
				CLANG_CXX_LANGUAGE_STANDARD = "gnu++20";
				CLANG_ENABLE_MODULES = YES;
				CLANG_ENABLE_OBJC_ARC = YES;
				CLANG_ENABLE_OBJC_WEAK = YES;
				CLANG_WARN_BLOCK_CAPTURE_AUTORELEASING = YES;
				CLANG_WARN_BOOL_CONVERSION = YES;
				CLANG_WARN_COMMA = YES;
				CLANG_WARN_CONSTANT_CONVERSION = YES;
				CLANG_WARN_DEPRECATED_OBJC_IMPLEMENTATIONS = YES;
				CLANG_WARN_DIRECT_OBJC_ISA_USAGE = YES_ERROR;
				CLANG_WARN_DOCUMENTATION_COMMENTS = YES;
				CLANG_WARN_EMPTY_BODY = YES;
				CLANG_WARN_ENUM_CONVERSION = YES;
				CLANG_WARN_INFINITE_RECURSION = YES;
				CLANG_WARN_INT_CONVERSION = YES;
				CLANG_WARN_NON_LITERAL_NULL_CONVERSION = YES;
				CLANG_WARN_OBJC_IMPLICIT_RETAIN_SELF = YES;
				CLANG_WARN_OBJC_LITERAL_CONVERSION = YES;
				CLANG_WARN_OBJC_ROOT_CLASS = YES_ERROR;
				CLANG_WARN_QUOTED_INCLUDE_IN_FRAMEWORK_HEADER = YES;
				CLANG_WARN_RANGE_LOOP_ANALYSIS = YES;
				CLANG_WARN_STRICT_PROTOTYPES = YES;
				CLANG_WARN_SUSPICIOUS_MOVE = YES;
				CLANG_WARN_UNGUARDED_AVAILABILITY = YES_AGGRESSIVE;
				CLANG_WARN_UNREACHABLE_CODE = YES;
				CLANG_WARN__DUPLICATE_METHOD_MATCH = YES;
				COPY_PHASE_STRIP = NO;
				DEAD_CODE_STRIPPING = YES;
				DEBUG_INFORMATION_FORMAT = "dwarf-with-dsym";
				ENABLE_NS_ASSERTIONS = NO;
				ENABLE_STRICT_OBJC_MSGSEND = YES;
				ENABLE_USER_SCRIPT_SANDBOXING = YES;
				GCC_C_LANGUAGE_STANDARD = gnu17;
				GCC_NO_COMMON_BLOCKS = YES;
				GCC_WARN_64_TO_32_BIT_CONVERSION = YES;
				GCC_WARN_ABOUT_RETURN_TYPE = YES_ERROR;
				GCC_WARN_UNDECLARED_SELECTOR = YES;
				GCC_WARN_UNINITIALIZED_AUTOS = YES_AGGRESSIVE;
				GCC_WARN_UNUSED_FUNCTION = YES;
				GCC_WARN_UNUSED_VARIABLE = YES;
				LOCALIZATION_PREFERS_STRING_CATALOGS = YES;
				MTL_ENABLE_DEBUG_INFO = NO;
				MTL_FAST_MATH = YES;
				STRING_CATALOG_GENERATE_SYMBOLS = YES;
				SWIFT_COMPILATION_MODE = wholemodule;
			};
			name = Release;
		};
		71E5340C2EE9CE43004869EA /* Debug */ = {
			isa = XCBuildConfiguration;
			buildSettings = {
				ASSETCATALOG_COMPILER_APPICON_NAME = AppIcon;
				ASSETCATALOG_COMPILER_GLOBAL_ACCENT_COLOR_NAME = AccentColor;
				CODE_SIGN_STYLE = Automatic;
				CURRENT_PROJECT_VERSION = 1;
				DEVELOPMENT_TEAM = 25563X5GPT;
				ENABLE_PREVIEWS = YES;
				GENERATE_INFOPLIST_FILE = YES;
				INFOPLIST_FILE = Done/Info.plist;
				INFOPLIST_KEY_CFBundleDisplayName = Done;
				INFOPLIST_KEY_UIApplicationSceneManifest_Generation = YES;
				INFOPLIST_KEY_UIApplicationSupportsIndirectInputEvents = YES;
				INFOPLIST_KEY_UILaunchScreen_Generation = YES;
				INFOPLIST_KEY_UISupportedInterfaceOrientations_iPad = "UIInterfaceOrientationPortrait UIInterfaceOrientationPortraitUpsideDown UIInterfaceOrientationLandscapeLeft UIInterfaceOrientationLandscapeRight";
				INFOPLIST_KEY_UISupportedInterfaceOrientations_iPhone = "UIInterfaceOrientationPortrait UIInterfaceOrientationLandscapeLeft UIInterfaceOrientationLandscapeRight";
				IPHONEOS_DEPLOYMENT_TARGET = 26.0;
				LD_RUNPATH_SEARCH_PATHS = (
					"$(inherited)",
					"@executable_path/Frameworks",
				);
				MARKETING_VERSION = 0.1.6;
				PRODUCT_BUNDLE_IDENTIFIER = wordless.shiqiliuyifanmei.app;
				PRODUCT_NAME = "$(TARGET_NAME)";
				SDKROOT = iphoneos;
				STRING_CATALOG_GENERATE_SYMBOLS = YES;
				SWIFT_APPROACHABLE_CONCURRENCY = YES;
				SWIFT_DEFAULT_ACTOR_ISOLATION = MainActor;
				SWIFT_EMIT_LOC_STRINGS = YES;
				SWIFT_UPCOMING_FEATURE_MEMBER_IMPORT_VISIBILITY = YES;
				SWIFT_VERSION = 5.0;
				TARGETED_DEVICE_FAMILY = "1,2";
			};
			name = Debug;
		};
		71E5340D2EE9CE43004869EA /* Release */ = {
			isa = XCBuildConfiguration;
			buildSettings = {
				ASSETCATALOG_COMPILER_APPICON_NAME = AppIcon;
				ASSETCATALOG_COMPILER_GLOBAL_ACCENT_COLOR_NAME = AccentColor;
				CODE_SIGN_STYLE = Automatic;
				CURRENT_PROJECT_VERSION = 1;
				DEVELOPMENT_TEAM = 25563X5GPT;
				ENABLE_PREVIEWS = YES;
				GENERATE_INFOPLIST_FILE = YES;
				INFOPLIST_FILE = Done/Info.plist;
				INFOPLIST_KEY_CFBundleDisplayName = Done;
				INFOPLIST_KEY_UIApplicationSceneManifest_Generation = YES;
				INFOPLIST_KEY_UIApplicationSupportsIndirectInputEvents = YES;
				INFOPLIST_KEY_UILaunchScreen_Generation = YES;
				INFOPLIST_KEY_UISupportedInterfaceOrientations_iPad = "UIInterfaceOrientationPortrait UIInterfaceOrientationPortraitUpsideDown UIInterfaceOrientationLandscapeLeft UIInterfaceOrientationLandscapeRight";
				INFOPLIST_KEY_UISupportedInterfaceOrientations_iPhone = "UIInterfaceOrientationPortrait UIInterfaceOrientationLandscapeLeft UIInterfaceOrientationLandscapeRight";
				IPHONEOS_DEPLOYMENT_TARGET = 26.0;
				LD_RUNPATH_SEARCH_PATHS = (
					"$(inherited)",
					"@executable_path/Frameworks",
				);
				MARKETING_VERSION = 0.1.6;
				PRODUCT_BUNDLE_IDENTIFIER = wordless.shiqiliuyifanmei.app;
				PRODUCT_NAME = "$(TARGET_NAME)";
				SDKROOT = iphoneos;
				STRING_CATALOG_GENERATE_SYMBOLS = YES;
				SWIFT_APPROACHABLE_CONCURRENCY = YES;
				SWIFT_DEFAULT_ACTOR_ISOLATION = MainActor;
				SWIFT_EMIT_LOC_STRINGS = YES;
				SWIFT_UPCOMING_FEATURE_MEMBER_IMPORT_VISIBILITY = YES;
				SWIFT_VERSION = 5.0;
				TARGETED_DEVICE_FAMILY = "1,2";
				VALIDATE_PRODUCT = YES;
			};
			name = Release;
		};
/* End XCBuildConfiguration section */

/* Begin XCConfigurationList section */
		71E533BC2EE9CE3F004869EA /* Build configuration list for PBXProject "Done" */ = {
			isa = XCConfigurationList;
			buildConfigurations = (
				71E534052EE9CE43004869EA /* Debug */,
				71E534062EE9CE43004869EA /* Release */,
			);
			defaultConfigurationIsVisible = 0;
			defaultConfigurationName = Release;
		};
		71E5340B2EE9CE43004869EA /* Build configuration list for PBXNativeTarget "Done" */ = {
			isa = XCConfigurationList;
			buildConfigurations = (
				71E5340C2EE9CE43004869EA /* Debug */,
				71E5340D2EE9CE43004869EA /* Release */,
			);
			defaultConfigurationIsVisible = 0;
			defaultConfigurationName = Release;
		};
/* End XCConfigurationList section */
	};
	rootObject = 71E533B92EE9CE3F004869EA /* Project object */;
}
